
Microsoft Visual Studio Solution File, Format Version 12.00
# Visual Studio Express 2012 for Windows Desktop
Project("{FAE04EC0-301F-11D3-BF4B-00C04F79EFBC}") = "MWCChessEngine", "MWCChessEngine\MWCChessEngine.csproj", "{666238B7-DC26-414C-A64B-0FFB7B09A5B2}"
EndProject
Project("{FAE04EC0-301F-11D3-BF4B-00C04F79EFBC}") = "MWCEngineTests", "MWCEngineTests\MWCEngineTests.csproj", "{D8CF12CD-4742-4961-9E36-9C6463C3A24C}"
EndProject
Global
	GlobalSection(SolutionConfigurationPlatforms) = preSolution
		Debug|Any CPU = Debug|Any CPU
		Release|Any CPU = Release|Any CPU
	EndGlobalSection
	GlobalSection(ProjectConfigurationPlatforms) = postSolution
		{666238B7-DC26-414C-A64B-0FFB7B09A5B2}.Debug|Any CPU.ActiveCfg = Debug|Any CPU
		{666238B7-DC26-414C-A64B-0FFB7B09A5B2}.Debug|Any CPU.Build.0 = Debug|Any CPU
		{666238B7-DC26-414C-A64B-0FFB7B09A5B2}.Release|Any CPU.ActiveCfg = Release|Any CPU
		{666238B7-DC26-414C-A64B-0FFB7B09A5B2}.Release|Any CPU.Build.0 = Release|Any CPU
		{D8CF12CD-4742-4961-9E36-9C6463C3A24C}.Debug|Any CPU.ActiveCfg = Debug|Any CPU
		{D8CF12CD-4742-4961-9E36-9C6463C3A24C}.Debug|Any CPU.Build.0 = Debug|Any CPU
		{D8CF12CD-4742-4961-9E36-9C6463C3A24C}.Release|Any CPU.ActiveCfg = Release|Any CPU
		{D8CF12CD-4742-4961-9E36-9C6463C3A24C}.Release|Any CPU.Build.0 = Release|Any CPU
	EndGlobalSection
	GlobalSection(SolutionProperties) = preSolution
		HideSolutionNode = FALSE
	EndGlobalSection
EndGlobal
